
Microsoft Visual Studio Solution File, Format Version 12.00
# Visual Studio 15
VisualStudioVersion = 15.0.27703.2042
MinimumVisualStudioVersion = 10.0.40219.1
Project("{9A19103F-16F7-4668-BE54-9A1E7A4F7556}") = "TeamHolidaysLab.Web", "TeamHolidaysLab.Web\TeamHolidaysLab.Web.csproj", "{D8327D3C-7C8C-4E09-84FF-F08B0A088726}"
EndProject
Project("{E53339B2-1760-4266-BCC7-CA923CBCF16C}") = "docker-compose", "docker-compose.dcproj", "{7872CC16-4A11-4D56-8D12-9673ED27D0A3}"
EndProject
Global
	GlobalSection(SolutionConfigurationPlatforms) = preSolution
		Debug|Any CPU = Debug|Any CPU
		Release|Any CPU = Release|Any CPU
	EndGlobalSection
	GlobalSection(ProjectConfigurationPlatforms) = postSolution
		{D8327D3C-7C8C-4E09-84FF-F08B0A088726}.Debug|Any CPU.ActiveCfg = Debug|Any CPU
		{D8327D3C-7C8C-4E09-84FF-F08B0A088726}.Debug|Any CPU.Build.0 = Debug|Any CPU
		{D8327D3C-7C8C-4E09-84FF-F08B0A088726}.Release|Any CPU.ActiveCfg = Release|Any CPU
		{D8327D3C-7C8C-4E09-84FF-F08B0A088726}.Release|Any CPU.Build.0 = Release|Any CPU
		{7872CC16-4A11-4D56-8D12-9673ED27D0A3}.Debug|Any CPU.ActiveCfg = Debug|Any CPU
		{7872CC16-4A11-4D56-8D12-9673ED27D0A3}.Debug|Any CPU.Build.0 = Debug|Any CPU
		{7872CC16-4A11-4D56-8D12-9673ED27D0A3}.Release|Any CPU.ActiveCfg = Release|Any CPU
		{7872CC16-4A11-4D56-8D12-9673ED27D0A3}.Release|Any CPU.Build.0 = Release|Any CPU
	EndGlobalSection
	GlobalSection(SolutionProperties) = preSolution
		HideSolutionNode = FALSE
	EndGlobalSection
	GlobalSection(ExtensibilityGlobals) = postSolution
		SolutionGuid = {F06C1AE9-EC6A-4CB8-873B-43048E7444A2}
	EndGlobalSection
EndGlobal
